
Microsoft Visual Studio Solution File, Format Version 12.00
# Visual Studio 14
VisualStudioVersion = 14.0.24720.0
MinimumVisualStudioVersion = 10.0.40219.1
Project("{FAE04EC0-301F-11D3-BF4B-00C04F79EFBC}") = "IziWatch", "IziWatch\IziWatch.csproj", "{EF7320E7-1D83-48E3-A3EB-94D965687E42}"
EndProject
Project("{FAE04EC0-301F-11D3-BF4B-00C04F79EFBC}") = "SyndicationService", "SyndicationService\SyndicationService.csproj", "{F4107FF8-A3CC-4730-9534-BAEB096D4CC3}"
EndProject
Global
	GlobalSection(SolutionConfigurationPlatforms) = preSolution
		Debug|Any CPU = Debug|Any CPU
		Release|Any CPU = Release|Any CPU
	EndGlobalSection
	GlobalSection(ProjectConfigurationPlatforms) = postSolution
		{EF7320E7-1D83-48E3-A3EB-94D965687E42}.Debug|Any CPU.ActiveCfg = Debug|Any CPU
		{EF7320E7-1D83-48E3-A3EB-94D965687E42}.Debug|Any CPU.Build.0 = Debug|Any CPU
		{EF7320E7-1D83-48E3-A3EB-94D965687E42}.Release|Any CPU.ActiveCfg = Release|Any CPU
		{EF7320E7-1D83-48E3-A3EB-94D965687E42}.Release|Any CPU.Build.0 = Release|Any CPU
		{F4107FF8-A3CC-4730-9534-BAEB096D4CC3}.Debug|Any CPU.ActiveCfg = Debug|Any CPU
		{F4107FF8-A3CC-4730-9534-BAEB096D4CC3}.Debug|Any CPU.Build.0 = Debug|Any CPU
		{F4107FF8-A3CC-4730-9534-BAEB096D4CC3}.Release|Any CPU.ActiveCfg = Release|Any CPU
		{F4107FF8-A3CC-4730-9534-BAEB096D4CC3}.Release|Any CPU.Build.0 = Release|Any CPU
	EndGlobalSection
	GlobalSection(SolutionProperties) = preSolution
		HideSolutionNode = FALSE
	EndGlobalSection
EndGlobal
